
Microsoft Visual Studio Solution File, Format Version 12.00
# Visual Studio 15
VisualStudioVersion = 15.0.27703.2000
MinimumVisualStudioVersion = 10.0.40219.1
Project("{FAE04EC0-301F-11D3-BF4B-00C04F79EFBC}") = "HW_Serialization", "HW_Serialization\HW_Serialization.csproj", "{B1D066F4-48AD-46B7-9EE8-4EB6C3C2613A}"
EndProject
Project("{FAE04EC0-301F-11D3-BF4B-00C04F79EFBC}") = "ClassLib", "ClassLib\ClassLib.csproj", "{6959C889-80F8-4B2F-9E47-6CEE67DAEE8F}"
EndProject
Global
	GlobalSection(SolutionConfigurationPlatforms) = preSolution
		Debug|Any CPU = Debug|Any CPU
		Release|Any CPU = Release|Any CPU
	EndGlobalSection
	GlobalSection(ProjectConfigurationPlatforms) = postSolution
		{B1D066F4-48AD-46B7-9EE8-4EB6C3C2613A}.Debug|Any CPU.ActiveCfg = Debug|Any CPU
		{B1D066F4-48AD-46B7-9EE8-4EB6C3C2613A}.Debug|Any CPU.Build.0 = Debug|Any CPU
		{B1D066F4-48AD-46B7-9EE8-4EB6C3C2613A}.Release|Any CPU.ActiveCfg = Release|Any CPU
		{B1D066F4-48AD-46B7-9EE8-4EB6C3C2613A}.Release|Any CPU.Build.0 = Release|Any CPU
		{6959C889-80F8-4B2F-9E47-6CEE67DAEE8F}.Debug|Any CPU.ActiveCfg = Debug|Any CPU
		{6959C889-80F8-4B2F-9E47-6CEE67DAEE8F}.Debug|Any CPU.Build.0 = Debug|Any CPU
		{6959C889-80F8-4B2F-9E47-6CEE67DAEE8F}.Release|Any CPU.ActiveCfg = Release|Any CPU
		{6959C889-80F8-4B2F-9E47-6CEE67DAEE8F}.Release|Any CPU.Build.0 = Release|Any CPU
	EndGlobalSection
	GlobalSection(SolutionProperties) = preSolution
		HideSolutionNode = FALSE
	EndGlobalSection
	GlobalSection(ExtensibilityGlobals) = postSolution
		SolutionGuid = {1E82F2DB-7CA1-4022-8E7E-2E9C1B98E61D}
	EndGlobalSection
EndGlobal
